
Microsoft Visual Studio Solution File, Format Version 12.00
# Visual Studio Version 17
VisualStudioVersion = 17.0.31903.59
MinimumVisualStudioVersion = 10.0.40219.1
Project("{2150E333-8FDC-42A3-9474-1A3956D46DE8}") = "src", "src", "{827E0CD3-B72D-47B6-A68D-7590B98EB39B}"
EndProject
Project("{FAE04EC0-301F-11D3-BF4B-00C04F79EFBC}") = "UTHers.Api", "src\UTHers.Api\UTHers.Api.csproj", "{A1975EE4-6C9A-4F29-95E7-91A76BBB2D7D}"
EndProject
Project("{FAE04EC0-301F-11D3-BF4B-00C04F79EFBC}") = "UTHers.Application", "src\UTHers.Application\UTHers.Application.csproj", "{AF35B131-C5A5-40A8-9FF0-A8FEF5F417B7}"
EndProject
Project("{FAE04EC0-301F-11D3-BF4B-00C04F79EFBC}") = "UTHers.Domain", "src\UTHers.Domain\UTHers.Domain.csproj", "{D251EB67-771D-453B-BE9B-BE9C425B963E}"
EndProject
Project("{FAE04EC0-301F-11D3-BF4B-00C04F79EFBC}") = "UTHers.Infrastructure", "src\UTHers.Infrastructure\UTHers.Infrastructure.csproj", "{85DEE616-10B9-4DB1-9B8E-DF530D239079}"
EndProject
Project("{FAE04EC0-301F-11D3-BF4B-00C04F79EFBC}") = "UTHers.Contracts", "src\UTHers.Contracts\UTHers.Contracts.csproj", "{DFAB28D2-D91A-4CC3-9E1E-7771E8FE1E46}"
EndProject
Project("{2150E333-8FDC-42A3-9474-1A3956D46DE8}") = "tests", "tests", "{0AB3BF05-4346-4AA6-1389-037BE0695223}"
EndProject
Project("{FAE04EC0-301F-11D3-BF4B-00C04F79EFBC}") = "UTHers.UnitTests", "tests\UTHers.UnitTests\UTHers.UnitTests.csproj", "{7C7A4ADB-6343-4985-80FA-63F567DEA740}"
EndProject
Project("{FAE04EC0-301F-11D3-BF4B-00C04F79EFBC}") = "UTHers.IntegrationTests", "tests\UTHers.IntegrationTests\UTHers.IntegrationTests.csproj", "{6738E7C7-D917-4D36-AD5A-1CA3C6FF83EB}"
EndProject
Project("{FAE04EC0-301F-11D3-BF4B-00C04F79EFBC}") = "UTHers.ApiTests", "tests\UTHers.ApiTests\UTHers.ApiTests.csproj", "{38811738-DEAE-4DDD-BD62-0CF571B24E68}"
EndProject
Project("{FAE04EC0-301F-11D3-BF4B-00C04F79EFBC}") = "UTHers.ArchitectureTests", "tests\UTHers.ArchitectureTests\UTHers.ArchitectureTests.csproj", "{437B7C6A-DCEF-4404-8325-1882E90B8813}"
EndProject
Global
	GlobalSection(SolutionConfigurationPlatforms) = preSolution
		Debug|Any CPU = Debug|Any CPU
		Debug|x64 = Debug|x64
		Debug|x86 = Debug|x86
		Release|Any CPU = Release|Any CPU
		Release|x64 = Release|x64
		Release|x86 = Release|x86
	EndGlobalSection
	GlobalSection(ProjectConfigurationPlatforms) = postSolution
		{A1975EE4-6C9A-4F29-95E7-91A76BBB2D7D}.Debug|Any CPU.ActiveCfg = Debug|Any CPU
		{A1975EE4-6C9A-4F29-95E7-91A76BBB2D7D}.Debug|Any CPU.Build.0 = Debug|Any CPU
		{A1975EE4-6C9A-4F29-95E7-91A76BBB2D7D}.Debug|x64.ActiveCfg = Debug|Any CPU
		{A1975EE4-6C9A-4F29-95E7-91A76BBB2D7D}.Debug|x64.Build.0 = Debug|Any CPU
		{A1975EE4-6C9A-4F29-95E7-91A76BBB2D7D}.Debug|x86.ActiveCfg = Debug|Any CPU
		{A1975EE4-6C9A-4F29-95E7-91A76BBB2D7D}.Debug|x86.Build.0 = Debug|Any CPU
		{A1975EE4-6C9A-4F29-95E7-91A76BBB2D7D}.Release|Any CPU.ActiveCfg = Release|Any CPU
		{A1975EE4-6C9A-4F29-95E7-91A76BBB2D7D}.Release|Any CPU.Build.0 = Release|Any CPU
		{A1975EE4-6C9A-4F29-95E7-91A76BBB2D7D}.Release|x64.ActiveCfg = Release|Any CPU
		{A1975EE4-6C9A-4F29-95E7-91A76BBB2D7D}.Release|x64.Build.0 = Release|Any CPU
		{A1975EE4-6C9A-4F29-95E7-91A76BBB2D7D}.Release|x86.ActiveCfg = Release|Any CPU
		{A1975EE4-6C9A-4F29-95E7-91A76BBB2D7D}.Release|x86.Build.0 = Release|Any CPU
		{AF35B131-C5A5-40A8-9FF0-A8FEF5F417B7}.Debug|Any CPU.ActiveCfg = Debug|Any CPU
		{AF35B131-C5A5-40A8-9FF0-A8FEF5F417B7}.Debug|Any CPU.Build.0 = Debug|Any CPU
		{AF35B131-C5A5-40A8-9FF0-A8FEF5F417B7}.Debug|x64.ActiveCfg = Debug|Any CPU
		{AF35B131-C5A5-40A8-9FF0-A8FEF5F417B7}.Debug|x64.Build.0 = Debug|Any CPU
		{AF35B131-C5A5-40A8-9FF0-A8FEF5F417B7}.Debug|x86.ActiveCfg = Debug|Any CPU
		{AF35B131-C5A5-40A8-9FF0-A8FEF5F417B7}.Debug|x86.Build.0 = Debug|Any CPU
		{AF35B131-C5A5-40A8-9FF0-A8FEF5F417B7}.Release|Any CPU.ActiveCfg = Release|Any CPU
		{AF35B131-C5A5-40A8-9FF0-A8FEF5F417B7}.Release|Any CPU.Build.0 = Release|Any CPU
		{AF35B131-C5A5-40A8-9FF0-A8FEF5F417B7}.Release|x64.ActiveCfg = Release|Any CPU
		{AF35B131-C5A5-40A8-9FF0-A8FEF5F417B7}.Release|x64.Build.0 = Release|Any CPU
		{AF35B131-C5A5-40A8-9FF0-A8FEF5F417B7}.Release|x86.ActiveCfg = Release|Any CPU
		{AF35B131-C5A5-40A8-9FF0-A8FEF5F417B7}.Release|x86.Build.0 = Release|Any CPU
		{D251EB67-771D-453B-BE9B-BE9C425B963E}.Debug|Any CPU.ActiveCfg = Debug|Any CPU
		{D251EB67-771D-453B-BE9B-BE9C425B963E}.Debug|Any CPU.Build.0 = Debug|Any CPU
		{D251EB67-771D-453B-BE9B-BE9C425B963E}.Debug|x64.ActiveCfg = Debug|Any CPU
		{D251EB67-771D-453B-BE9B-BE9C425B963E}.Debug|x64.Build.0 = Debug|Any CPU
		{D251EB67-771D-453B-BE9B-BE9C425B963E}.Debug|x86.ActiveCfg = Debug|Any CPU
		{D251EB67-771D-453B-BE9B-BE9C425B963E}.Debug|x86.Build.0 = Debug|Any CPU
		{D251EB67-771D-453B-BE9B-BE9C425B963E}.Release|Any CPU.ActiveCfg = Release|Any CPU
		{D251EB67-771D-453B-BE9B-BE9C425B963E}.Release|Any CPU.Build.0 = Release|Any CPU
		{D251EB67-771D-453B-BE9B-BE9C425B963E}.Release|x64.ActiveCfg = Release|Any CPU
		{D251EB67-771D-453B-BE9B-BE9C425B963E}.Release|x64.Build.0 = Release|Any CPU
		{D251EB67-771D-453B-BE9B-BE9C425B963E}.Release|x86.ActiveCfg = Release|Any CPU
		{D251EB67-771D-453B-BE9B-BE9C425B963E}.Release|x86.Build.0 = Release|Any CPU
		{85DEE616-10B9-4DB1-9B8E-DF530D239079}.Debug|Any CPU.ActiveCfg = Debug|Any CPU
		{85DEE616-10B9-4DB1-9B8E-DF530D239079}.Debug|Any CPU.Build.0 = Debug|Any CPU
		{85DEE616-10B9-4DB1-9B8E-DF530D239079}.Debug|x64.ActiveCfg = Debug|Any CPU
		{85DEE616-10B9-4DB1-9B8E-DF530D239079}.Debug|x64.Build.0 = Debug|Any CPU
		{85DEE616-10B9-4DB1-9B8E-DF530D239079}.Debug|x86.ActiveCfg = Debug|Any CPU
		{85DEE616-10B9-4DB1-9B8E-DF530D239079}.Debug|x86.Build.0 = Debug|Any CPU
		{85DEE616-10B9-4DB1-9B8E-DF530D239079}.Release|Any CPU.ActiveCfg = Release|Any CPU
		{85DEE616-10B9-4DB1-9B8E-DF530D239079}.Release|Any CPU.Build.0 = Release|Any CPU
		{85DEE616-10B9-4DB1-9B8E-DF530D239079}.Release|x64.ActiveCfg = Release|Any CPU
		{85DEE616-10B9-4DB1-9B8E-DF530D239079}.Release|x64.Build.0 = Release|Any CPU
		{85DEE616-10B9-4DB1-9B8E-DF530D239079}.Release|x86.ActiveCfg = Release|Any CPU
		{85DEE616-10B9-4DB1-9B8E-DF530D239079}.Release|x86.Build.0 = Release|Any CPU
		{DFAB28D2-D91A-4CC3-9E1E-7771E8FE1E46}.Debug|Any CPU.ActiveCfg = Debug|Any CPU
		{DFAB28D2-D91A-4CC3-9E1E-7771E8FE1E46}.Debug|Any CPU.Build.0 = Debug|Any CPU
		{DFAB28D2-D91A-4CC3-9E1E-7771E8FE1E46}.Debug|x64.ActiveCfg = Debug|Any CPU
		{DFAB28D2-D91A-4CC3-9E1E-7771E8FE1E46}.Debug|x64.Build.0 = Debug|Any CPU
		{DFAB28D2-D91A-4CC3-9E1E-7771E8FE1E46}.Debug|x86.ActiveCfg = Debug|Any CPU
		{DFAB28D2-D91A-4CC3-9E1E-7771E8FE1E46}.Debug|x86.Build.0 = Debug|Any CPU
		{DFAB28D2-D91A-4CC3-9E1E-7771E8FE1E46}.Release|Any CPU.ActiveCfg = Release|Any CPU
		{DFAB28D2-D91A-4CC3-9E1E-7771E8FE1E46}.Release|Any CPU.Build.0 = Release|Any CPU
		{DFAB28D2-D91A-4CC3-9E1E-7771E8FE1E46}.Release|x64.ActiveCfg = Release|Any CPU
		{DFAB28D2-D91A-4CC3-9E1E-7771E8FE1E46}.Release|x64.Build.0 = Release|Any CPU
		{DFAB28D2-D91A-4CC3-9E1E-7771E8FE1E46}.Release|x86.ActiveCfg = Release|Any CPU
		{DFAB28D2-D91A-4CC3-9E1E-7771E8FE1E46}.Release|x86.Build.0 = Release|Any CPU
		{7C7A4ADB-6343-4985-80FA-63F567DEA740}.Debug|Any CPU.ActiveCfg = Debug|Any CPU
		{7C7A4ADB-6343-4985-80FA-63F567DEA740}.Debug|Any CPU.Build.0 = Debug|Any CPU
		{7C7A4ADB-6343-4985-80FA-63F567DEA740}.Debug|x64.ActiveCfg = Debug|Any CPU
		{7C7A4ADB-6343-4985-80FA-63F567DEA740}.Debug|x64.Build.0 = Debug|Any CPU
		{7C7A4ADB-6343-4985-80FA-63F567DEA740}.Debug|x86.ActiveCfg = Debug|Any CPU
		{7C7A4ADB-6343-4985-80FA-63F567DEA740}.Debug|x86.Build.0 = Debug|Any CPU
		{7C7A4ADB-6343-4985-80FA-63F567DEA740}.Release|Any CPU.ActiveCfg = Release|Any CPU
		{7C7A4ADB-6343-4985-80FA-63F567DEA740}.Release|Any CPU.Build.0 = Release|Any CPU
		{7C7A4ADB-6343-4985-80FA-63F567DEA740}.Release|x64.ActiveCfg = Release|Any CPU
		{7C7A4ADB-6343-4985-80FA-63F567DEA740}.Release|x64.Build.0 = Release|Any CPU
		{7C7A4ADB-6343-4985-80FA-63F567DEA740}.Release|x86.ActiveCfg = Release|Any CPU
		{7C7A4ADB-6343-4985-80FA-63F567DEA740}.Release|x86.Build.0 = Release|Any CPU
		{6738E7C7-D917-4D36-AD5A-1CA3C6FF83EB}.Debug|Any CPU.ActiveCfg = Debug|Any CPU
		{6738E7C7-D917-4D36-AD5A-1CA3C6FF83EB}.Debug|Any CPU.Build.0 = Debug|Any CPU
		{6738E7C7-D917-4D36-AD5A-1CA3C6FF83EB}.Debug|x64.ActiveCfg = Debug|Any CPU
		{6738E7C7-D917-4D36-AD5A-1CA3C6FF83EB}.Debug|x64.Build.0 = Debug|Any CPU
		{6738E7C7-D917-4D36-AD5A-1CA3C6FF83EB}.Debug|x86.ActiveCfg = Debug|Any CPU
		{6738E7C7-D917-4D36-AD5A-1CA3C6FF83EB}.Debug|x86.Build.0 = Debug|Any CPU
		{6738E7C7-D917-4D36-AD5A-1CA3C6FF83EB}.Release|Any CPU.ActiveCfg = Release|Any CPU
		{6738E7C7-D917-4D36-AD5A-1CA3C6FF83EB}.Release|Any CPU.Build.0 = Release|Any CPU
		{6738E7C7-D917-4D36-AD5A-1CA3C6FF83EB}.Release|x64.ActiveCfg = Release|Any CPU
		{6738E7C7-D917-4D36-AD5A-1CA3C6FF83EB}.Release|x64.Build.0 = Release|Any CPU
		{6738E7C7-D917-4D36-AD5A-1CA3C6FF83EB}.Release|x86.ActiveCfg = Release|Any CPU
		{6738E7C7-D917-4D36-AD5A-1CA3C6FF83EB}.Release|x86.Build.0 = Release|Any CPU
		{38811738-DEAE-4DDD-BD62-0CF571B24E68}.Debug|Any CPU.ActiveCfg = Debug|Any CPU
		{38811738-DEAE-4DDD-BD62-0CF571B24E68}.Debug|Any CPU.Build.0 = Debug|Any CPU
		{38811738-DEAE-4DDD-BD62-0CF571B24E68}.Debug|x64.ActiveCfg = Debug|Any CPU
		{38811738-DEAE-4DDD-BD62-0CF571B24E68}.Debug|x64.Build.0 = Debug|Any CPU
		{38811738-DEAE-4DDD-BD62-0CF571B24E68}.Debug|x86.ActiveCfg = Debug|Any CPU
		{38811738-DEAE-4DDD-BD62-0CF571B24E68}.Debug|x86.Build.0 = Debug|Any CPU
		{38811738-DEAE-4DDD-BD62-0CF571B24E68}.Release|Any CPU.ActiveCfg = Release|Any CPU
		{38811738-DEAE-4DDD-BD62-0CF571B24E68}.Release|Any CPU.Build.0 = Release|Any CPU
		{38811738-DEAE-4DDD-BD62-0CF571B24E68}.Release|x64.ActiveCfg = Release|Any CPU
		{38811738-DEAE-4DDD-BD62-0CF571B24E68}.Release|x64.Build.0 = Release|Any CPU
		{38811738-DEAE-4DDD-BD62-0CF571B24E68}.Release|x86.ActiveCfg = Release|Any CPU
		{38811738-DEAE-4DDD-BD62-0CF571B24E68}.Release|x86.Build.0 = Release|Any CPU
		{437B7C6A-DCEF-4404-8325-1882E90B8813}.Debug|Any CPU.ActiveCfg = Debug|Any CPU
		{437B7C6A-DCEF-4404-8325-1882E90B8813}.Debug|Any CPU.Build.0 = Debug|Any CPU
		{437B7C6A-DCEF-4404-8325-1882E90B8813}.Debug|x64.ActiveCfg = Debug|Any CPU
		{437B7C6A-DCEF-4404-8325-1882E90B8813}.Debug|x64.Build.0 = Debug|Any CPU
		{437B7C6A-DCEF-4404-8325-1882E90B8813}.Debug|x86.ActiveCfg = Debug|Any CPU
		{437B7C6A-DCEF-4404-8325-1882E90B8813}.Debug|x86.Build.0 = Debug|Any CPU
		{437B7C6A-DCEF-4404-8325-1882E90B8813}.Release|Any CPU.ActiveCfg = Release|Any CPU
		{437B7C6A-DCEF-4404-8325-1882E90B8813}.Release|Any CPU.Build.0 = Release|Any CPU
		{437B7C6A-DCEF-4404-8325-1882E90B8813}.Release|x64.ActiveCfg = Release|Any CPU
		{437B7C6A-DCEF-4404-8325-1882E90B8813}.Release|x64.Build.0 = Release|Any CPU
		{437B7C6A-DCEF-4404-8325-1882E90B8813}.Release|x86.ActiveCfg = Release|Any CPU
		{437B7C6A-DCEF-4404-8325-1882E90B8813}.Release|x86.Build.0 = Release|Any CPU
	EndGlobalSection
	GlobalSection(SolutionProperties) = preSolution
		HideSolutionNode = FALSE
	EndGlobalSection
	GlobalSection(NestedProjects) = preSolution
		{A1975EE4-6C9A-4F29-95E7-91A76BBB2D7D} = {827E0CD3-B72D-47B6-A68D-7590B98EB39B}
		{AF35B131-C5A5-40A8-9FF0-A8FEF5F417B7} = {827E0CD3-B72D-47B6-A68D-7590B98EB39B}
		{D251EB67-771D-453B-BE9B-BE9C425B963E} = {827E0CD3-B72D-47B6-A68D-7590B98EB39B}
		{85DEE616-10B9-4DB1-9B8E-DF530D239079} = {827E0CD3-B72D-47B6-A68D-7590B98EB39B}
		{DFAB28D2-D91A-4CC3-9E1E-7771E8FE1E46} = {827E0CD3-B72D-47B6-A68D-7590B98EB39B}
		{7C7A4ADB-6343-4985-80FA-63F567DEA740} = {0AB3BF05-4346-4AA6-1389-037BE0695223}
		{6738E7C7-D917-4D36-AD5A-1CA3C6FF83EB} = {0AB3BF05-4346-4AA6-1389-037BE0695223}
		{38811738-DEAE-4DDD-BD62-0CF571B24E68} = {0AB3BF05-4346-4AA6-1389-037BE0695223}
		{437B7C6A-DCEF-4404-8325-1882E90B8813} = {0AB3BF05-4346-4AA6-1389-037BE0695223}
	EndGlobalSection
EndGlobal
